
Microsoft Visual Studio Solution File, Format Version 10.00
# Visual Studio 2008
Project("{8BC9CEB8-8B4A-11D0-8D11-00A0C91BC942}") = "delphi", "delphi.vcproj", "{F9E77E76-F8A8-4584-9765-F6F3DD944B12}"
EndProject
Global
	GlobalSection(SolutionConfigurationPlatforms) = preSolution
		Debug|Win32 = Debug|Win32
		Release|Win32 = Release|Win32
	EndGlobalSection
	GlobalSection(ProjectConfigurationPlatforms) = postSolution
		{F9E77E76-F8A8-4584-9765-F6F3DD944B12}.Debug|Win32.ActiveCfg = Debug|Win32
		{F9E77E76-F8A8-4584-9765-F6F3DD944B12}.Debug|Win32.Build.0 = Debug|Win32
		{F9E77E76-F8A8-4584-9765-F6F3DD944B12}.Release|Win32.ActiveCfg = Release|Win32
		{F9E77E76-F8A8-4584-9765-F6F3DD944B12}.Release|Win32.Build.0 = Release|Win32
	EndGlobalSection
	GlobalSection(SolutionProperties) = preSolution
		HideSolutionNode = FALSE
	EndGlobalSection
EndGlobal
